
Microsoft Visual Studio Solution File, Format Version 12.00
# Visual Studio 14
VisualStudioVersion = 14.0.24720.0
MinimumVisualStudioVersion = 10.0.40219.1
Project("{FAE04EC0-301F-11D3-BF4B-00C04F79EFBC}") = "Fontche", "Fontche\Fontche.csproj", "{3351A4A0-956A-4BE2-AA6A-476D51895C61}"
EndProject
Project("{FAE04EC0-301F-11D3-BF4B-00C04F79EFBC}") = "Fontche.Core", "Fontche.Core\Fontche.Core.csproj", "{9CA36B9B-AD50-4531-A75A-48666C338578}"
EndProject
Global
	GlobalSection(SolutionConfigurationPlatforms) = preSolution
		Debug|Any CPU = Debug|Any CPU
		Debug|x86 = Debug|x86
		Release|Any CPU = Release|Any CPU
		Release|x86 = Release|x86
	EndGlobalSection
	GlobalSection(ProjectConfigurationPlatforms) = postSolution
		{3351A4A0-956A-4BE2-AA6A-476D51895C61}.Debug|Any CPU.ActiveCfg = Debug|Any CPU
		{3351A4A0-956A-4BE2-AA6A-476D51895C61}.Debug|Any CPU.Build.0 = Debug|Any CPU
		{3351A4A0-956A-4BE2-AA6A-476D51895C61}.Debug|x86.ActiveCfg = Debug|x86
		{3351A4A0-956A-4BE2-AA6A-476D51895C61}.Debug|x86.Build.0 = Debug|x86
		{3351A4A0-956A-4BE2-AA6A-476D51895C61}.Release|Any CPU.ActiveCfg = Release|Any CPU
		{3351A4A0-956A-4BE2-AA6A-476D51895C61}.Release|Any CPU.Build.0 = Release|Any CPU
		{3351A4A0-956A-4BE2-AA6A-476D51895C61}.Release|x86.ActiveCfg = Release|x86
		{3351A4A0-956A-4BE2-AA6A-476D51895C61}.Release|x86.Build.0 = Release|x86
		{9CA36B9B-AD50-4531-A75A-48666C338578}.Debug|Any CPU.ActiveCfg = Debug|Any CPU
		{9CA36B9B-AD50-4531-A75A-48666C338578}.Debug|Any CPU.Build.0 = Debug|Any CPU
		{9CA36B9B-AD50-4531-A75A-48666C338578}.Debug|x86.ActiveCfg = Debug|Any CPU
		{9CA36B9B-AD50-4531-A75A-48666C338578}.Debug|x86.Build.0 = Debug|Any CPU
		{9CA36B9B-AD50-4531-A75A-48666C338578}.Release|Any CPU.ActiveCfg = Release|Any CPU
		{9CA36B9B-AD50-4531-A75A-48666C338578}.Release|Any CPU.Build.0 = Release|Any CPU
		{9CA36B9B-AD50-4531-A75A-48666C338578}.Release|x86.ActiveCfg = Release|Any CPU
		{9CA36B9B-AD50-4531-A75A-48666C338578}.Release|x86.Build.0 = Release|Any CPU
	EndGlobalSection
	GlobalSection(SolutionProperties) = preSolution
		HideSolutionNode = FALSE
	EndGlobalSection
EndGlobal
